
Microsoft Visual Studio Solution File, Format Version 12.00
# Visual Studio Version 16
VisualStudioVersion = 16.0.29613.14
MinimumVisualStudioVersion = 10.0.40219.1
Project("{FAE04EC0-301F-11D3-BF4B-00C04F79EFBC}") = "TicTac", "TicTac\TicTac.csproj", "{B2DBC14E-7644-4EE9-B524-5D370871113B}"
EndProject
Global
	GlobalSection(SolutionConfigurationPlatforms) = preSolution
		Debug|Any CPU = Debug|Any CPU
		Release|Any CPU = Release|Any CPU
	EndGlobalSection
	GlobalSection(ProjectConfigurationPlatforms) = postSolution
		{B2DBC14E-7644-4EE9-B524-5D370871113B}.Debug|Any CPU.ActiveCfg = Debug|Any CPU
		{B2DBC14E-7644-4EE9-B524-5D370871113B}.Debug|Any CPU.Build.0 = Debug|Any CPU
		{B2DBC14E-7644-4EE9-B524-5D370871113B}.Release|Any CPU.ActiveCfg = Release|Any CPU
		{B2DBC14E-7644-4EE9-B524-5D370871113B}.Release|Any CPU.Build.0 = Release|Any CPU
	EndGlobalSection
	GlobalSection(SolutionProperties) = preSolution
		HideSolutionNode = FALSE
	EndGlobalSection
	GlobalSection(ExtensibilityGlobals) = postSolution
		SolutionGuid = {342927F0-F146-4BC0-B4A5-D81EDD3973E4}
	EndGlobalSection
EndGlobal
